{
  "name": "wasmedge-quickjs",
  "lockfileVersion": 2,
  "requires": true,
  "packages": {
    "": {
      "dependencies": {
        "pxeger": "^0.0.1"
      }
    },
    "node_modules/pegjs": {
      "version": "0.10.0",
      "resolved": "https://registry.npmjs.org/pegjs/-/pegjs-0.10.0.tgz",
      "integrity": "sha512-qI5+oFNEGi3L5HAxDwN2LA4Gg7irF70Zs25edhjld9QemOgp0CbvMtbFcMvFtEo1OityPrcCzkQFB8JP/hxgow==",
      "bin": {
        "pegjs": "bin/pegjs"
      },
      "engines": {
        "node": ">=0.10"
      }
    },
    "node_modules/pxeger": {
      "version": "0.0.1",
      "resolved": "https://registry.npmjs.org/pxeger/-/pxeger-0.0.1.tgz",
      "integrity": "sha512-lQ71q4zZv3yrOLnFQ/+eRM2rNSDC4nIVOLRxjiM3PJAg7+lhWphekgsIyI7uwtskIVTTe3Fr5qR1BFedsotHXQ==",
      "dependencies": {
        "pegjs": "*"
      }
    }
  },
  "dependencies": {
    "pegjs": {
      "version": "0.10.0",
      "resolved": "https://registry.npmjs.org/pegjs/-/pegjs-0.10.0.tgz",
      "integrity": "sha512-qI5+oFNEGi3L5HAxDwN2LA4Gg7irF70Zs25edhjld9QemOgp0CbvMtbFcMvFtEo1OityPrcCzkQFB8JP/hxgow=="
    },
    "pxeger": {
      "version": "0.0.1",
      "resolved": "https://registry.npmjs.org/pxeger/-/pxeger-0.0.1.tgz",
      "integrity": "sha512-lQ71q4zZv3yrOLnFQ/+eRM2rNSDC4nIVOLRxjiM3PJAg7+lhWphekgsIyI7uwtskIVTTe3Fr5qR1BFedsotHXQ==",
      "requires": {
        "pegjs": "*"
      }
    }
  }
}
