{
  "version": 4,
  "terraform_version": "1.3.3",
  "serial": 127,
  "lineage": "fe7147a9-5635-886d-60b1-0f73996917a7",
  "outputs": {
    "shardingsphere_domain": {
      "value": "proxy.shardingsphere.org",
      "type": "string"
    },
    "zk_node_domain": {
      "value": [
        "zk-1.shardingsphere.org",
        "zk-2.shardingsphere.org",
        "zk-3.shardingsphere.org"
      ],
      "type": [
        "tuple",
        [
          "string",
          "string",
          "string"
        ]
      ]
    }
  },
  "resources": [
    {
      "module": "module.shardingsphere",
      "mode": "data",
      "type": "aws_availability_zones",
      "name": "available",
      "provider": "provider[\"registry.terraform.io/hashicorp/aws\"]",
      "instances": [
        {
          "schema_version": 0,
          "attributes": {
            "all_availability_zones": null,
            "exclude_names": null,
            "exclude_zone_ids": null,
            "filter": null,
            "group_names": [
              "ap-southeast-1"
            ],
            "id": "ap-southeast-1",
            "names": [
              "ap-southeast-1a",
              "ap-southeast-1b",
              "ap-southeast-1c"
            ],
            "state": "available",
            "timeouts": null,
            "zone_ids": [
              "apse1-az2",
              "apse1-az1",
              "apse1-az3"
            ]
          },
          "sensitive_attributes": []
        }
      ]
    },
    {
      "module": "module.shardingsphere",
      "mode": "data",
      "type": "aws_route53_zone",
      "name": "zone",
      "provider": "provider[\"registry.terraform.io/hashicorp/aws\"]",
      "instances": [
        {
          "schema_version": 0,
          "attributes": {
            "arn": "arn:aws:route53:::hostedzone/Z07043461249YRLI6CRZ8",
            "caller_reference": "857481bb-ac42-4157-9a3c-f06c5ceb53d7",
            "comment": "",
            "id": "Z07043461249YRLI6CRZ8",
            "linked_service_description": null,
            "linked_service_principal": null,
            "name": "shardingsphere.org",
            "name_servers": [
              "ns-0.awsdns-00.com.",
              "ns-1024.awsdns-00.org.",
              "ns-1536.awsdns-00.co.uk.",
              "ns-512.awsdns-00.net."
            ],
            "primary_name_server": "ns-0.awsdns-00.com.",
            "private_zone": true,
            "resource_record_set_count": 5,
            "tags": {},
            "vpc_id": null,
            "zone_id": "Z07043461249YRLI6CRZ8"
          },
          "sensitive_attributes": []
        }
      ]
    },
    {
      "module": "module.shardingsphere",
      "mode": "data",
      "type": "aws_vpc",
      "name": "vpc",
      "provider": "provider[\"registry.terraform.io/hashicorp/aws\"]",
      "instances": [
        {
          "schema_version": 0,
          "attributes": {
            "arn": "arn:aws:ec2:ap-southeast-1:519253773133:vpc/vpc-0ef2b7440d3ade8d5",
            "cidr_block": "172.31.0.0/16",
            "cidr_block_associations": [
              {
                "association_id": "vpc-cidr-assoc-090c53450317b839b",
                "cidr_block": "172.31.0.0/16",
                "state": "associated"
              }
            ],
            "default": true,
            "dhcp_options_id": "dopt-0531518d758cb19c2",
            "enable_dns_hostnames": true,
            "enable_dns_support": true,
            "enable_network_address_usage_metrics": false,
            "filter": null,
            "id": "vpc-0ef2b7440d3ade8d5",
            "instance_tenancy": "default",
            "ipv6_association_id": "",
            "ipv6_cidr_block": "",
            "main_route_table_id": "rtb-04e991c43203bc7f1",
            "owner_id": "519253773133",
            "state": null,
            "tags": {},
            "timeouts": null
          },
          "sensitive_attributes": []
        }
      ]
    },
    {
      "module": "module.shardingsphere",
      "mode": "managed",
      "type": "aws_autoscaling_attachment",
      "name": "asg_attachment_lb",
      "provider": "provider[\"registry.terraform.io/hashicorp/aws\"]",
      "instances": [
        {
          "schema_version": 0,
          "attributes": {
            "alb_target_group_arn": null,
            "autoscaling_group_name": "shardingsphere-proxy-asg",
            "elb": null,
            "id": "shardingsphere-proxy-asg-20221213131241705000000002",
            "lb_target_group_arn": "arn:aws:elasticloadbalancing:ap-southeast-1:519253773133:targetgroup/shardingsphere-proxy-lb-tg/1aa97daaa69c4299"
          },
          "sensitive_attributes": [],
          "private": "bnVsbA==",
          "dependencies": [
            "module.shardingsphere.aws_autoscaling_group.ss",
            "module.shardingsphere.aws_iam_instance_profile.ss",
            "module.shardingsphere.aws_iam_role.sts",
            "module.shardingsphere.aws_launch_template.ss",
            "module.shardingsphere.aws_lb_target_group.ss_tg",
            "module.shardingsphere.data.aws_availability_zones.available",
            "module.zk.aws_instance.zk",
            "module.zk.aws_network_interface.zk",
            "module.zk.aws_route53_record.zk",
            "module.zk.data.aws_ami.base",
            "module.zk.data.aws_availability_zones.available",
            "module.zk.data.aws_route53_zone.zone"
          ]
        }
      ]
    },
    {
      "module": "module.shardingsphere",
      "mode": "managed",
      "type": "aws_autoscaling_group",
      "name": "ss",
      "provider": "provider[\"registry.terraform.io/hashicorp/aws\"]",
      "instances": [
        {
          "schema_version": 0,
          "attributes": {
            "arn": "arn:aws:autoscaling:ap-southeast-1:519253773133:autoScalingGroup:70c18580-6688-4ede-8e3a-709afe66872d:autoScalingGroupName/shardingsphere-proxy-asg",
            "availability_zones": [
              "ap-southeast-1a",
              "ap-southeast-1b",
              "ap-southeast-1c"
            ],
            "capacity_rebalance": false,
            "context": "",
            "default_cooldown": 300,
            "default_instance_warmup": 0,
            "desired_capacity": 3,
            "enabled_metrics": null,
            "force_delete": false,
            "force_delete_warm_pool": false,
            "health_check_grace_period": 120,
            "health_check_type": "ELB",
            "id": "shardingsphere-proxy-asg",
            "initial_lifecycle_hook": [],
            "instance_refresh": [],
            "launch_configuration": "",
            "launch_template": [
              {
                "id": "lt-032fde21e1d6db3b2",
                "name": "shardingsphere-proxy-launch-template",
                "version": "$Latest"
              }
            ],
            "load_balancers": null,
            "max_instance_lifetime": 0,
            "max_size": 6,
            "metrics_granularity": "1Minute",
            "min_elb_capacity": null,
            "min_size": 1,
            "mixed_instances_policy": [],
            "name": "shardingsphere-proxy-asg",
            "name_prefix": "",
            "placement_group": "",
            "protect_from_scale_in": false,
            "service_linked_role_arn": "arn:aws:iam::519253773133:role/aws-service-role/autoscaling.amazonaws.com/AWSServiceRoleForAutoScaling",
            "suspended_processes": null,
            "tag": [],
            "tags": null,
            "target_group_arns": null,
            "termination_policies": null,
            "timeouts": null,
            "vpc_zone_identifier": [],
            "wait_for_capacity_timeout": "10m",
            "wait_for_elb_capacity": null,
            "warm_pool": []
          },
          "sensitive_attributes": [],
          "private": "eyJlMmJmYjczMC1lY2FhLTExZTYtOGY4OC0zNDM2M2JjN2M0YzAiOnsiZGVsZXRlIjo2MDAwMDAwMDAwMDAsInVwZGF0ZSI6NjAwMDAwMDAwMDAwfX0=",
          "dependencies": [
            "module.shardingsphere.aws_iam_instance_profile.ss",
            "module.shardingsphere.aws_iam_role.sts",
            "module.shardingsphere.aws_launch_template.ss",
            "module.shardingsphere.data.aws_availability_zones.available",
            "module.zk.aws_instance.zk",
            "module.zk.aws_network_interface.zk",
            "module.zk.aws_route53_record.zk",
            "module.zk.data.aws_ami.base",
            "module.zk.data.aws_availability_zones.available",
            "module.zk.data.aws_route53_zone.zone"
          ]
        }
      ]
    },
    {
      "module": "module.shardingsphere",
      "mode": "managed",
      "type": "aws_iam_instance_profile",
      "name": "ss",
      "provider": "provider[\"registry.terraform.io/hashicorp/aws\"]",
      "instances": [
        {
          "schema_version": 0,
          "attributes": {
            "arn": "arn:aws:iam::519253773133:instance-profile/shardingsphere-proxy-instance-profile",
            "create_date": "2022-12-13T13:12:14Z",
            "id": "shardingsphere-proxy-instance-profile",
            "name": "shardingsphere-proxy-instance-profile",
            "name_prefix": null,
            "path": "/",
            "role": "shardingsphere-proxy-sts-role",
            "tags": null,
            "tags_all": {},
            "unique_id": "AIPAXRZPPZNGYYIXFBYCF"
          },
          "sensitive_attributes": [],
          "private": "bnVsbA==",
          "dependencies": [
            "module.shardingsphere.aws_iam_role.sts",
            "module.zk.aws_instance.zk",
            "module.zk.aws_network_interface.zk",
            "module.zk.aws_route53_record.zk",
            "module.zk.data.aws_ami.base",
            "module.zk.data.aws_availability_zones.available",
            "module.zk.data.aws_route53_zone.zone"
          ]
        }
      ]
    },
    {
      "module": "module.shardingsphere",
      "mode": "managed",
      "type": "aws_iam_role",
      "name": "sts",
      "provider": "provider[\"registry.terraform.io/hashicorp/aws\"]",
      "instances": [
        {
          "schema_version": 0,
          "attributes": {
            "arn": "arn:aws:iam::519253773133:role/shardingsphere-proxy-sts-role",
            "assume_role_policy": "{\"Statement\":[{\"Action\":\"sts:AssumeRole\",\"Effect\":\"Allow\",\"Principal\":{\"Service\":\"ec2.amazonaws.com\"},\"Sid\":\"\"}],\"Version\":\"2012-10-17\"}",
            "create_date": "2022-12-13T13:12:12Z",
            "description": "",
            "force_detach_policies": false,
            "id": "shardingsphere-proxy-sts-role",
            "inline_policy": [],
            "managed_policy_arns": [],
            "max_session_duration": 3600,
            "name": "shardingsphere-proxy-sts-role",
            "name_prefix": "",
            "path": "/",
            "permissions_boundary": null,
            "tags": null,
            "tags_all": {},
            "unique_id": "AROAXRZPPZNG2IQ2VQCPE"
          },
          "sensitive_attributes": [],
          "private": "bnVsbA==",
          "dependencies": [
            "module.zk.aws_instance.zk",
            "module.zk.aws_network_interface.zk",
            "module.zk.aws_route53_record.zk",
            "module.zk.data.aws_ami.base",
            "module.zk.data.aws_availability_zones.available",
            "module.zk.data.aws_route53_zone.zone"
          ]
        }
      ]
    },
    {
      "module": "module.shardingsphere",
      "mode": "managed",
      "type": "aws_iam_role_policy",
      "name": "ss",
      "provider": "provider[\"registry.terraform.io/hashicorp/aws\"]",
      "instances": [
        {
          "schema_version": 0,
          "attributes": {
            "id": "shardingsphere-proxy-sts-role:sharidngsphere-proxy-policy",
            "name": "sharidngsphere-proxy-policy",
            "name_prefix": null,
            "policy": "{\n  \"Version\": \"2012-10-17\",\n  \"Statement\": [\n    {\n      \"Action\": [\n        \"cloudwatch:PutMetricData\",\n        \"ec2:DescribeTags\",\n        \"logs:PutLogEvents\",\n        \"logs:DescribeLogStreams\",\n        \"logs:DescribeLogGroups\",\n        \"logs:CreateLogStream\",\n        \"logs:CreateLogGroup\"\n      ],\n      \"Effect\": \"Allow\",\n      \"Resource\": \"*\"\n    }\n  ]\n}\n",
            "role": "shardingsphere-proxy-sts-role"
          },
          "sensitive_attributes": [],
          "private": "bnVsbA==",
          "dependencies": [
            "module.shardingsphere.aws_iam_role.sts",
            "module.zk.aws_instance.zk",
            "module.zk.aws_network_interface.zk",
            "module.zk.aws_route53_record.zk",
            "module.zk.data.aws_ami.base",
            "module.zk.data.aws_availability_zones.available",
            "module.zk.data.aws_route53_zone.zone"
          ]
        }
      ]
    },
    {
      "module": "module.shardingsphere",
      "mode": "managed",
      "type": "aws_launch_template",
      "name": "ss",
      "provider": "provider[\"registry.terraform.io/hashicorp/aws\"]",
      "instances": [
        {
          "schema_version": 0,
          "attributes": {
            "arn": "arn:aws:ec2:ap-southeast-1:519253773133:launch-template/lt-032fde21e1d6db3b2",
            "block_device_mappings": [],
            "capacity_reservation_specification": [],
            "cpu_options": [],
            "credit_specification": [],
            "default_version": 1,
            "description": "",
            "disable_api_stop": false,
            "disable_api_termination": false,
            "ebs_optimized": "",
            "elastic_gpu_specifications": [],
            "elastic_inference_accelerator": [],
            "enclave_options": [],
            "hibernation_options": [],
            "iam_instance_profile": [
              {
                "arn": "",
                "name": "shardingsphere-proxy-instance-profile"
              }
            ],
            "id": "lt-032fde21e1d6db3b2",
            "image_id": "ami-094bbd9e922dc515d",
            "instance_initiated_shutdown_behavior": "terminate",
            "instance_market_options": [],
            "instance_requirements": [],
            "instance_type": "t3.medium",
            "kernel_id": "",
            "key_name": "test-tf",
            "latest_version": 1,
            "license_specification": [],
            "maintenance_options": [],
            "metadata_options": [
              {
                "http_endpoint": "enabled",
                "http_protocol_ipv6": "disabled",
                "http_put_response_hop_limit": 1,
                "http_tokens": "required",
                "instance_metadata_tags": "enabled"
              }
            ],
            "monitoring": [
              {
                "enabled": true
              }
            ],
            "name": "shardingsphere-proxy-launch-template",
            "name_prefix": "",
            "network_interfaces": [],
            "placement": [],
            "private_dns_name_options": [],
            "ram_disk_id": "",
            "security_group_names": null,
            "tag_specifications": [
              {
                "resource_type": "instance",
                "tags": {
                  "Name": "shardingsphere-proxy"
                }
              }
            ],
            "tags": null,
            "tags_all": {},
            "update_default_version": null,
            "user_data": "I2Nsb3VkLWNvbmZpZwojCiMgTGljZW5zZWQgdG8gdGhlIEFwYWNoZSBTb2Z0d2FyZSBGb3VuZGF0aW9uIChBU0YpIHVuZGVyIG9uZSBvciBtb3JlCiMgY29udHJpYnV0b3IgbGljZW5zZSBhZ3JlZW1lbnRzLiAgU2VlIHRoZSBOT1RJQ0UgZmlsZSBkaXN0cmlidXRlZCB3aXRoCiMgdGhpcyB3b3JrIGZvciBhZGRpdGlvbmFsIGluZm9ybWF0aW9uIHJlZ2FyZGluZyBjb3B5cmlnaHQgb3duZXJzaGlwLgojIFRoZSBBU0YgbGljZW5zZXMgdGhpcyBmaWxlIHRvIFlvdSB1bmRlciB0aGUgQXBhY2hlIExpY2Vuc2UsIFZlcnNpb24gMi4wCiMgKHRoZSAiTGljZW5zZSIpOyB5b3UgbWF5IG5vdCB1c2UgdGhpcyBmaWxlIGV4Y2VwdCBpbiBjb21wbGlhbmNlIHdpdGgKIyB0aGUgTGljZW5zZS4gIFlvdSBtYXkgb2J0YWluIGEgY29weSBvZiB0aGUgTGljZW5zZSBhdAojCiMgICAgIGh0dHA6Ly93d3cuYXBhY2hlLm9yZy9saWNlbnNlcy9MSUNFTlNFLTIuMAojCiMgVW5sZXNzIHJlcXVpcmVkIGJ5IGFwcGxpY2FibGUgbGF3IG9yIGFncmVlZCB0byBpbiB3cml0aW5nLCBzb2Z0d2FyZQojIGRpc3RyaWJ1dGVkIHVuZGVyIHRoZSBMaWNlbnNlIGlzIGRpc3RyaWJ1dGVkIG9uIGFuICJBUyBJUyIgQkFTSVMsCiMgV0lUSE9VVCBXQVJSQU5USUVTIE9SIENPTkRJVElPTlMgT0YgQU5ZIEtJTkQsIGVpdGhlciBleHByZXNzIG9yIGltcGxpZWQuCiMgU2VlIHRoZSBMaWNlbnNlIGZvciB0aGUgc3BlY2lmaWMgbGFuZ3VhZ2UgZ292ZXJuaW5nIHBlcm1pc3Npb25zIGFuZAojIGxpbWl0YXRpb25zIHVuZGVyIHRoZSBMaWNlbnNlLgoKCnBhY2thZ2VzOgotIGphdmEKLSBuYwoKd3JpdGVfZmlsZXM6Ci0gcGF0aDogL3J1bi9zaGFyZGluZ3NwaGVyZS5zZXJ2aWNlCiAgcGVybWlzc2lvbnM6IDA2NDQKICBjb250ZW50OiB8CiAgICBbVW5pdF0KICAgIERlc2NyaXB0aW9uPVNoYXJkaW5nU3BoZXJlIFNlcnZpY2UKICAgIFJlcXVpcmVzPW5ldHdvcmsudGFyZ2V0CiAgICBBZnRlcj1uZXR3b3JrLnRhcmdldAogICAgW1NlcnZpY2VdCiAgICBUeXBlPWZvcmtpbmcKICAgIExpbWl0Tk9GSUxFPTY1NTM2CiAgICBFeGVjU3RhcnQ9L3Vzci9sb2NhbC9zaGFyZGluZ3NwaGVyZS9iaW4vc3RhcnQuc2gKICAgIEV4ZWNTdG9wPS91c3IvbG9jYWwvc2hhcmRpbmdzcGhlcmUvYmluL3N0b3Auc2gKICAgIFJlc3RhcnQ9YWx3YXlzCiAgICBSZXN0YXJ0U2VjPTMKICAgIFN0YXJ0TGltaXRJbnRlcnZhbD0wCiAgICBbSW5zdGFsbF0KICAgIFdhbnRlZEJ5PWRlZmF1bHQudGFyZ2V0CgotIHBhdGg6IC9ydW4vc2VydmVyLnlhbWwKICBwZXJtaXNzaW9uczogMDY0NAogIGNvbnRlbnQ6IHwKICAgIG1vZGU6CiAgICAgIHR5cGU6IENsdXN0ZXIKICAgICAgcmVwb3NpdG9yeToKICAgICAgICB0eXBlOiBab29LZWVwZXIKICAgICAgICBwcm9wczoKICAgICAgICAgIG5hbWVzcGFjZTogZ292ZXJuYW5jZV9kcwogICAgICAgICAgc2VydmVyLWxpc3RzOiB6ay0xLnNoYXJkaW5nc3BoZXJlLm9yZyx6ay0yLnNoYXJkaW5nc3BoZXJlLm9yZyx6ay0zLnNoYXJkaW5nc3BoZXJlLm9yZwogICAgICAgICAgcmV0cnlJbnRlcnZhbE1pbGxpc2Vjb25kczogNTAwCiAgICAgICAgICB0aW1lVG9MaXZlU2Vjb25kczogNjAKICAgICAgICAgIG1heFJldHJpZXM6IDMKICAgICAgICAgIG9wZXJhdGlvblRpbWVvdXRNaWxsaXNlY29uZHM6IDUwMAogICAgcnVsZXM6CiAgICAtICFBVVRIT1JJVFkKICAgICAgdXNlcnM6CiAgICAgICAgLSByb290QCU6cm9vdAogICAgICAgIC0gc2hhcmRpbmdAOnNoYXJkaW5nCiAgICAgIHByb3ZpZGVyOgogICAgICAgIHR5cGU6IEFMTF9QRVJNSVRURUQKICAgIC0gIVRSQU5TQUNUSU9OCiAgICAgIGRlZmF1bHRUeXBlOiBYQQogICAgICBwcm92aWRlclR5cGU6IEF0b21pa29zCiAgICAtICFTUUxfUEFSU0VSCiAgICAgIHNxbENvbW1lbnRQYXJzZUVuYWJsZWQ6IHRydWUKICAgICAgc3FsU3RhdGVtZW50Q2FjaGU6CiAgICAgICAgaW5pdGlhbENhcGFjaXR5OiAyMDAwCiAgICAgICAgbWF4aW11bVNpemU6IDY1NTM1CiAgICAgIHBhcnNlVHJlZUNhY2hlOgogICAgICAgIGluaXRpYWxDYXBhY2l0eTogMTI4CiAgICAgICAgbWF4aW11bVNpemU6IDEwMjQKICAgIHByb3BzOgogICAgICBtYXgtY29ubmVjdGlvbnMtc2l6ZS1wZXItcXVlcnk6IDEKICAgICAga2VybmVsLWV4ZWN1dG9yLXNpemU6IDE2ICAjIEluZmluaXRlIGJ5IGRlZmF1bHQuCiAgICAgIHByb3h5LWZyb250ZW5kLWZsdXNoLXRocmVzaG9sZDogMTI4ICAjIFRoZSBkZWZhdWx0IHZhbHVlIGlzIDEyOC4KICAgICAgcHJveHktaGludC1lbmFibGVkOiBmYWxzZQogICAgICBzcWwtc2hvdzogZmFsc2UKICAgICAgY2hlY2stdGFibGUtbWV0YWRhdGEtZW5hYmxlZDogZmFsc2UKICAgICAgIyBQcm94eSBiYWNrZW5kIHF1ZXJ5IGZldGNoIHNpemUuIEEgbGFyZ2VyIHZhbHVlIG1heSBpbmNyZWFzZSB0aGUgbWVtb3J5IHVzYWdlIG9mIFNoYXJkaW5nU3BoZXJlIFByb3h5LgogICAgICAjIFRoZSBkZWZhdWx0IHZhbHVlIGlzIC0xLCB3aGljaCBtZWFucyBzZXQgdGhlIG1pbmltdW0gdmFsdWUgZm9yIGRpZmZlcmVudCBKREJDIGRyaXZlcnMuCiAgICAgIHByb3h5LWJhY2tlbmQtcXVlcnktZmV0Y2gtc2l6ZTogLTEKICAgICAgcHJveHktZnJvbnRlbmQtZXhlY3V0b3Itc2l6ZTogMCAjIFByb3h5IGZyb250ZW5kIGV4ZWN1dG9yIHNpemUuIFRoZSBkZWZhdWx0IHZhbHVlIGlzIDAsIHdoaWNoIG1lYW5zIGxldCBOZXR0eSBkZWNpZGUuCiAgICAgICMgQXZhaWxhYmxlIG9wdGlvbnMgb2YgcHJveHkgYmFja2VuZCBleGVjdXRvciBzdWl0YWJsZTogT0xBUChkZWZhdWx0KSwgT0xUUC4gVGhlIE9MVFAgb3B0aW9uIG1heSByZWR1Y2UgdGltZSBjb3N0IG9mIHdyaXRpbmcgcGFja2V0cyB0byBjbGllbnQsIGJ1dCBpdCBtYXkgaW5jcmVhc2UgdGhlIGxhdGVuY3kgb2YgU1FMIGV4ZWN1dGlvbgogICAgICAjIGFuZCBibG9jayBvdGhlciBjbGllbnRzIGlmIGNsaWVudCBjb25uZWN0aW9ucyBhcmUgbW9yZSB0aGFuIGBwcm94eS1mcm9udGVuZC1leGVjdXRvci1zaXplYCwgZXNwZWNpYWxseSBleGVjdXRpbmcgc2xvdyBTUUwuCiAgICAgIHByb3h5LWJhY2tlbmQtZXhlY3V0b3Itc3VpdGFibGU6IE9MQVAKICAgICAgcHJveHktZnJvbnRlbmQtbWF4LWNvbm5lY3Rpb25zOiAwICMgTGVzcyB0aGFuIG9yIGVxdWFsIHRvIDAgbWVhbnMgbm8gbGltaXRhdGlvbi4KICAgICAgIyBBdmFpbGFibGUgc3FsIGZlZGVyYXRpb24gdHlwZTogTk9ORSAoZGVmYXVsdCksIE9SSUdJTkFMLCBBRFZBTkNFRAogICAgICBzcWwtZmVkZXJhdGlvbi10eXBlOiBOT05FCiAgICAgICMgQXZhaWxhYmxlIHByb3h5IGJhY2tlbmQgZHJpdmVyIHR5cGU6IEpEQkMgKGRlZmF1bHQpLCBFeHBlcmltZW50YWxWZXJ0eAogICAgICBwcm94eS1iYWNrZW5kLWRyaXZlci10eXBlOiBKREJDCiAgICAgIHByb3h5LW15c3FsLWRlZmF1bHQtdmVyc2lvbjogNS43LjIyICMgSW4gdGhlIGFic2VuY2Ugb2Ygc2NoZW1hIG5hbWUsIHRoZSBkZWZhdWx0IHZlcnNpb24gd2lsbCBiZSB1c2VkLgogICAgICBwcm94eS1kZWZhdWx0LXBvcnQ6IDMzMDcgIyBQcm94eSBkZWZhdWx0IHBvcnQuCiAgICAgIHByb3h5LW5ldHR5LWJhY2tsb2c6IDEwMjQgIyBQcm94eSBuZXR0eSBiYWNrbG9nLgoKLSBwYXRoOiAvcnVuL2luc3RhbGxfc2hhcmRpbmdzcGhlcmUuc2gKICBwZXJtaXNzaW9uczogMDcwMAogIGNvbnRlbnQ6IHwKICAgIGVjaG8gSW5zdGFsbGluZyBTaGFyZGluZ1NwaGVyZSB2NS4yLjEKICAgIHdnZXQgLU8gL3J1bi9zcy50YXIuZ3ogaHR0cHM6Ly9hcmNoaXZlLmFwYWNoZS5vcmcvZGlzdC9zaGFyZGluZ3NwaGVyZS81LjIuMS9hcGFjaGUtc2hhcmRpbmdzcGhlcmUtNS4yLjEtc2hhcmRpbmdzcGhlcmUtcHJveHktYmluLnRhci5negogICAgbWtkaXIgLXAgL3Vzci9sb2NhbC9zaGFyZGluZ3NwaGVyZQogICAgdGFyIHh2ZiAvcnVuL3NzLnRhci5neiAtLXN0cmlwIDEgLUMgL3Vzci9sb2NhbC9zaGFyZGluZ3NwaGVyZQogICAgL2Jpbi9jcCAtYXZmIC9ydW4vc2VydmVyLnlhbWwgL3Vzci9sb2NhbC9zaGFyZGluZ3NwaGVyZS9jb25mL3NlcnZlci55YW1sCiAgICAvYmluL2NwIC1hdmYgL3J1bi9zaGFyZGluZ3NwaGVyZS5zZXJ2aWNlIC91c3IvbGliL3N5c3RlbWQvc3lzdGVtL3NoYXJkaW5nc3BoZXJlLnNlcnZpY2UKICAgIHN5c3RlbWN0bCBkYWVtb24tcmVsb2FkCiAgICBzeXN0ZW1jdGwgZW5hYmxlIHNoYXJkaW5nc3BoZXJlCiAgICBzeXN0ZW1jdGwgc3RhcnQgc2hhcmRpbmdzcGhlcmUKCi0gcGF0aDogL29wdC9hd3MvYW1hem9uLWNsb3Vkd2F0Y2gtYWdlbnQvZXRjL2FtYXpvbi1jbG91ZHdhdGNoLWFnZW50Lmpzb24KICBwZXJtaXNzaW9uczogMDY0NAogIGNvbnRlbnQ6IHwKICAgIHsKICAgICAgImFnZW50IjogewogICAgICAgICJtZXRyaWNzX2NvbGxlY3Rpb25faW50ZXJ2YWwiOiAxMCwKICAgICAgICAibG9nZmlsZSI6ICIvb3B0L2F3cy9hbWF6b24tY2xvdWR3YXRjaC1hZ2VudC9sb2dzL2FtYXpvbi1jbG91ZHdhdGNoLWFnZW50LmxvZyIKICAgICAgfSwKICAgICAgIm1ldHJpY3MiOiB7CiAgICAgICAgImFwcGVuZF9kaW1lbnNpb25zIjogewogICAgICAgICAgIkF1dG9TY2FsaW5nR3JvdXBOYW1lIjogIiR7YXdzOkF1dG9TY2FsaW5nR3JvdXBOYW1lfSIsCiAgICAgICAgICAiSW1hZ2VJZCI6ICIke2F3czpJbWFnZUlkfSIsCiAgICAgICAgICAiSW5zdGFuY2VJZCI6ICIke2F3czpJbnN0YW5jZUlkfSIsCiAgICAgICAgICAiSW5zdGFuY2VUeXBlIjogIiR7YXdzOkluc3RhbmNlVHlwZX0iCiAgICAgICAgfSwKICAgICAgICAibWV0cmljc19jb2xsZWN0ZWQiOiB7CiAgICAgICAgICAiY3B1IjogewogICAgICAgICAgICAibWVhc3VyZW1lbnQiOiBbCiAgICAgICAgICAgICAgImNwdV91c2FnZV9zeXN0ZW0iLAogICAgICAgICAgICAgICJjcHVfdXNhZ2VfaWRsZSIsCiAgICAgICAgICAgICAgImNwdV91c2FnZV9uaWNlIiwKICAgICAgICAgICAgICAiY3B1X3VzYWdlX2d1ZXN0IiwKICAgICAgICAgICAgICAiY3B1X3VzYWdlX3N0ZWFsIgogICAgICAgICAgICBdCiAgICAgICAgICB9LAogICAgICAgICAgIm1lbSI6IHsKICAgICAgICAgICAgIm1lYXN1cmVtZW50IjogWwogICAgICAgICAgICAgICJtZW1fdXNlZF9wZXJjZW50IgogICAgICAgICAgICBdCiAgICAgICAgICB9LAogICAgICAgICAgIm5ldCI6IHsKICAgICAgICAgICAgInJlc291cmNlcyI6IFsKICAgICAgICAgICAgICAiZXRoMCIKICAgICAgICAgICAgXSwKICAgICAgICAgICAgIm1lYXN1cmVtZW50IjogWwogICAgICAgICAgICAgICJieXRlc19zZW50IiwKICAgICAgICAgICAgICAiYnl0ZXNfcmVjdiIsCiAgICAgICAgICAgICAgImRyb3BfaW4iLAogICAgICAgICAgICAgICJkcm9wX291dCIKICAgICAgICAgICAgXQogICAgICAgICAgfSwKICAgICAgICAgICJuZXRzdGF0IjogewogICAgICAgICAgICAibWVhc3VyZW1lbnQiOiBbCiAgICAgICAgICAgICAgInRjcF9lc3RhYmxpc2hlZCIsCiAgICAgICAgICAgICAgInRjcF9zeW5fc2VudCIsCiAgICAgICAgICAgICAgInRjcF9jbG9zZSIKICAgICAgICAgICAgXSwKICAgICAgICAgICAgIm1ldHJpY3NfY29sbGVjdGlvbl9pbnRlcnZhbCI6IDYwCiAgICAgICAgICB9CiAgICAgICAgfQogICAgICB9LAogICAgICAibG9ncyI6IHsKICAgICAgICAibG9nc19jb2xsZWN0ZWQiOiB7CiAgICAgICAgICAiZmlsZXMiOiB7CiAgICAgICAgICAgICJjb2xsZWN0X2xpc3QiOiBbCiAgICAgICAgICAgICAgewogICAgICAgICAgICAgICAgImZpbGVfcGF0aCI6ICIvdXNyL2xvY2FsL3NoYXJkaW5nc3BoZXJlL2xvZ3MvKi5sb2ciLAogICAgICAgICAgICAgICAgImxvZ19ncm91cF9uYW1lIjogInNoYXJkaW5nc3BoZXJlLXByb3h5LmxvZyIsCiAgICAgICAgICAgICAgICAidGltZXpvbmUiOiAiVVRDIiwKICAgICAgICAgICAgICAgICJ0aW1lc3RhbXBfZm9ybWF0IjogIiVZLSVtLSVkICVIOiVNOiVTLCVmIgogICAgICAgICAgICAgIH0KICAgICAgICAgICAgXQogICAgICAgICAgfQogICAgICAgIH0sCiAgICAgICAgImZvcmNlX2ZsdXNoX2ludGVydmFsIiA6IDE1CiAgICAgIH0KICAgIH0KLSBwYXRoOiAvcnVuL2luc3RhbGxfY2xvdWR3YXRjaC5zaAogIHBlcm1pc3Npb25zOiAwNzAwCiAgY29udGVudDogfAogICAgIyEvYmluL2Jhc2gKICAgIGVjaG8gSW5zdGFsbGluZyBDbG91ZFdhdGNoIEFnZW50CiAgICBycG0gLVV2aCBodHRwczovL3MzLmFtYXpvbmF3cy5jb20vYW1hem9uY2xvdWR3YXRjaC1hZ2VudC9hbWF6b25fbGludXgvYW1kNjQvbGF0ZXN0L2FtYXpvbi1jbG91ZHdhdGNoLWFnZW50LnJwbQogICAgc3lzdGVtY3RsIGRhZW1vbi1yZWxvYWQKICAgIHN5c3RlbWN0bCBlbmFibGUgYW1hem9uLWNsb3Vkd2F0Y2gtYWdlbnQgCiAgICBzeXN0ZW1jdGwgc3RhcnQgYW1hem9uLWNsb3Vkd2F0Y2gtYWdlbnQKcnVuY21kOgotIC9ydW4vaW5zdGFsbF9zaGFyZGluZ3NwaGVyZS5zaAotIC9ydW4vaW5zdGFsbF9jbG91ZHdhdGNoLnNoCg==",
            "vpc_security_group_ids": [
              "sg-008e74936b3f9de19"
            ]
          },
          "sensitive_attributes": [],
          "private": "bnVsbA==",
          "dependencies": [
            "module.shardingsphere.aws_iam_instance_profile.ss",
            "module.shardingsphere.aws_iam_role.sts",
            "module.zk.aws_instance.zk",
            "module.zk.aws_network_interface.zk",
            "module.zk.aws_route53_record.zk",
            "module.zk.data.aws_ami.base",
            "module.zk.data.aws_availability_zones.available",
            "module.zk.data.aws_route53_zone.zone"
          ]
        }
      ]
    },
    {
      "module": "module.shardingsphere",
      "mode": "managed",
      "type": "aws_lb",
      "name": "ss",
      "provider": "provider[\"registry.terraform.io/hashicorp/aws\"]",
      "instances": [
        {
          "schema_version": 0,
          "attributes": {
            "access_logs": [
              {
                "bucket": "",
                "enabled": false,
                "prefix": ""
              }
            ],
            "arn": "arn:aws:elasticloadbalancing:ap-southeast-1:519253773133:loadbalancer/net/ss-internal-lb/49b414258dab795f",
            "arn_suffix": "net/ss-internal-lb/49b414258dab795f",
            "customer_owned_ipv4_pool": "",
            "desync_mitigation_mode": null,
            "dns_name": "ss-internal-lb-49b414258dab795f.elb.ap-southeast-1.amazonaws.com",
            "drop_invalid_header_fields": null,
            "enable_cross_zone_load_balancing": false,
            "enable_deletion_protection": false,
            "enable_http2": null,
            "enable_waf_fail_open": null,
            "id": "arn:aws:elasticloadbalancing:ap-southeast-1:519253773133:loadbalancer/net/ss-internal-lb/49b414258dab795f",
            "idle_timeout": null,
            "internal": true,
            "ip_address_type": "ipv4",
            "load_balancer_type": "network",
            "name": "ss-internal-lb",
            "name_prefix": null,
            "preserve_host_header": null,
            "security_groups": [],
            "subnet_mapping": [
              {
                "allocation_id": "",
                "ipv6_address": "",
                "outpost_id": "",
                "private_ipv4_address": "",
                "subnet_id": "subnet-009077567350ef1b7"
              },
              {
                "allocation_id": "",
                "ipv6_address": "",
                "outpost_id": "",
                "private_ipv4_address": "",
                "subnet_id": "subnet-0bc2cd85facb5ca06"
              },
              {
                "allocation_id": "",
                "ipv6_address": "",
                "outpost_id": "",
                "private_ipv4_address": "",
                "subnet_id": "subnet-0f388a6f23063b8c9"
              }
            ],
            "subnets": [
              "subnet-009077567350ef1b7",
              "subnet-0bc2cd85facb5ca06",
              "subnet-0f388a6f23063b8c9"
            ],
            "tags": {
              "Name": "shardingsphere-proxy"
            },
            "tags_all": {
              "Name": "shardingsphere-proxy"
            },
            "timeouts": null,
            "vpc_id": "vpc-0ef2b7440d3ade8d5",
            "zone_id": "ZKVM4W9LS7TM"
          },
          "sensitive_attributes": [],
          "private": "eyJlMmJmYjczMC1lY2FhLTExZTYtOGY4OC0zNDM2M2JjN2M0YzAiOnsiY3JlYXRlIjo2MDAwMDAwMDAwMDAsImRlbGV0ZSI6NjAwMDAwMDAwMDAwLCJ1cGRhdGUiOjYwMDAwMDAwMDAwMH19",
          "dependencies": [
            "module.zk.aws_instance.zk",
            "module.zk.aws_network_interface.zk",
            "module.zk.aws_route53_record.zk",
            "module.zk.data.aws_ami.base",
            "module.zk.data.aws_availability_zones.available",
            "module.zk.data.aws_route53_zone.zone"
          ]
        }
      ]
    },
    {
      "module": "module.shardingsphere",
      "mode": "managed",
      "type": "aws_lb_listener",
      "name": "ss",
      "provider": "provider[\"registry.terraform.io/hashicorp/aws\"]",
      "instances": [
        {
          "schema_version": 0,
          "attributes": {
            "alpn_policy": null,
            "arn": "arn:aws:elasticloadbalancing:ap-southeast-1:519253773133:listener/net/ss-internal-lb/49b414258dab795f/e6ed0c3d3abff60a",
            "certificate_arn": null,
            "default_action": [
              {
                "authenticate_cognito": [],
                "authenticate_oidc": [],
                "fixed_response": [],
                "forward": [],
                "order": 1,
                "redirect": [],
                "target_group_arn": "arn:aws:elasticloadbalancing:ap-southeast-1:519253773133:targetgroup/shardingsphere-proxy-lb-tg/1aa97daaa69c4299",
                "type": "forward"
              }
            ],
            "id": "arn:aws:elasticloadbalancing:ap-southeast-1:519253773133:listener/net/ss-internal-lb/49b414258dab795f/e6ed0c3d3abff60a",
            "load_balancer_arn": "arn:aws:elasticloadbalancing:ap-southeast-1:519253773133:loadbalancer/net/ss-internal-lb/49b414258dab795f",
            "port": 3307,
            "protocol": "TCP",
            "ssl_policy": "",
            "tags": {
              "Name": "shardingsphere-proxy"
            },
            "tags_all": {
              "Name": "shardingsphere-proxy"
            },
            "timeouts": null
          },
          "sensitive_attributes": [],
          "private": "eyJlMmJmYjczMC1lY2FhLTExZTYtOGY4OC0zNDM2M2JjN2M0YzAiOnsicmVhZCI6NjAwMDAwMDAwMDAwfX0=",
          "dependencies": [
            "module.shardingsphere.aws_lb.ss",
            "module.shardingsphere.aws_lb_target_group.ss_tg",
            "module.zk.aws_instance.zk",
            "module.zk.aws_network_interface.zk",
            "module.zk.aws_route53_record.zk",
            "module.zk.data.aws_ami.base",
            "module.zk.data.aws_availability_zones.available",
            "module.zk.data.aws_route53_zone.zone"
          ]
        }
      ]
    },
    {
      "module": "module.shardingsphere",
      "mode": "managed",
      "type": "aws_lb_target_group",
      "name": "ss_tg",
      "provider": "provider[\"registry.terraform.io/hashicorp/aws\"]",
      "instances": [
        {
          "schema_version": 0,
          "attributes": {
            "arn": "arn:aws:elasticloadbalancing:ap-southeast-1:519253773133:targetgroup/shardingsphere-proxy-lb-tg/1aa97daaa69c4299",
            "arn_suffix": "targetgroup/shardingsphere-proxy-lb-tg/1aa97daaa69c4299",
            "connection_termination": false,
            "deregistration_delay": "300",
            "health_check": [
              {
                "enabled": true,
                "healthy_threshold": 2,
                "interval": 30,
                "matcher": "",
                "path": "",
                "port": "traffic-port",
                "protocol": "TCP",
                "timeout": 10,
                "unhealthy_threshold": 2
              }
            ],
            "id": "arn:aws:elasticloadbalancing:ap-southeast-1:519253773133:targetgroup/shardingsphere-proxy-lb-tg/1aa97daaa69c4299",
            "ip_address_type": "ipv4",
            "lambda_multi_value_headers_enabled": false,
            "load_balancing_algorithm_type": null,
            "name": "shardingsphere-proxy-lb-tg",
            "name_prefix": null,
            "port": 3307,
            "preserve_client_ip": "false",
            "protocol": "TCP",
            "protocol_version": null,
            "proxy_protocol_v2": false,
            "slow_start": 0,
            "stickiness": [
              {
                "cookie_duration": 0,
                "cookie_name": "",
                "enabled": false,
                "type": "source_ip"
              }
            ],
            "tags": {
              "Name": "shardingsphere-proxy"
            },
            "tags_all": {
              "Name": "shardingsphere-proxy"
            },
            "target_type": "instance",
            "vpc_id": "vpc-0ef2b7440d3ade8d5"
          },
          "sensitive_attributes": [],
          "private": "bnVsbA==",
          "dependencies": [
            "module.zk.aws_instance.zk",
            "module.zk.aws_network_interface.zk",
            "module.zk.aws_route53_record.zk",
            "module.zk.data.aws_ami.base",
            "module.zk.data.aws_availability_zones.available",
            "module.zk.data.aws_route53_zone.zone"
          ]
        }
      ]
    },
    {
      "module": "module.shardingsphere",
      "mode": "managed",
      "type": "aws_network_interface",
      "name": "ss",
      "provider": "provider[\"registry.terraform.io/hashicorp/aws\"]",
      "instances": [
        {
          "index_key": 0,
          "schema_version": 0,
          "attributes": {
            "arn": "arn:aws:ec2:ap-southeast-1:519253773133:network-interface/eni-02554f561953e8609",
            "attachment": [],
            "description": "",
            "id": "eni-02554f561953e8609",
            "interface_type": "interface",
            "ipv4_prefix_count": 0,
            "ipv4_prefixes": [],
            "ipv6_address_count": 0,
            "ipv6_address_list": [],
            "ipv6_address_list_enabled": false,
            "ipv6_addresses": [],
            "ipv6_prefix_count": 0,
            "ipv6_prefixes": [],
            "mac_address": "06:b1:8b:cb:d2:b2",
            "outpost_arn": "",
            "owner_id": "519253773133",
            "private_dns_name": "ip-172-31-34-62.ap-southeast-1.compute.internal",
            "private_ip": "172.31.34.62",
            "private_ip_list": [
              "172.31.34.62"
            ],
            "private_ip_list_enabled": false,
            "private_ips": [
              "172.31.34.62"
            ],
            "private_ips_count": 0,
            "security_groups": [
              "sg-008e74936b3f9de19"
            ],
            "source_dest_check": true,
            "subnet_id": "subnet-0f388a6f23063b8c9",
            "tags": null,
            "tags_all": {}
          },
          "sensitive_attributes": [],
          "private": "bnVsbA==",
          "dependencies": [
            "module.zk.aws_instance.zk",
            "module.zk.aws_network_interface.zk",
            "module.zk.aws_route53_record.zk",
            "module.zk.data.aws_ami.base",
            "module.zk.data.aws_availability_zones.available",
            "module.zk.data.aws_route53_zone.zone"
          ]
        },
        {
          "index_key": 1,
          "schema_version": 0,
          "attributes": {
            "arn": "arn:aws:ec2:ap-southeast-1:519253773133:network-interface/eni-088ef8dc750653b2c",
            "attachment": [],
            "description": "",
            "id": "eni-088ef8dc750653b2c",
            "interface_type": "interface",
            "ipv4_prefix_count": 0,
            "ipv4_prefixes": [],
            "ipv6_address_count": 0,
            "ipv6_address_list": [],
            "ipv6_address_list_enabled": false,
            "ipv6_addresses": [],
            "ipv6_prefix_count": 0,
            "ipv6_prefixes": [],
            "mac_address": "02:60:73:02:a8:f2",
            "outpost_arn": "",
            "owner_id": "519253773133",
            "private_dns_name": "ip-172-31-26-223.ap-southeast-1.compute.internal",
            "private_ip": "172.31.26.223",
            "private_ip_list": [
              "172.31.26.223"
            ],
            "private_ip_list_enabled": false,
            "private_ips": [
              "172.31.26.223"
            ],
            "private_ips_count": 0,
            "security_groups": [
              "sg-008e74936b3f9de19"
            ],
            "source_dest_check": true,
            "subnet_id": "subnet-0bc2cd85facb5ca06",
            "tags": null,
            "tags_all": {}
          },
          "sensitive_attributes": [],
          "private": "bnVsbA==",
          "dependencies": [
            "module.zk.aws_instance.zk",
            "module.zk.aws_network_interface.zk",
            "module.zk.aws_route53_record.zk",
            "module.zk.data.aws_ami.base",
            "module.zk.data.aws_availability_zones.available",
            "module.zk.data.aws_route53_zone.zone"
          ]
        },
        {
          "index_key": 2,
          "schema_version": 0,
          "attributes": {
            "arn": "arn:aws:ec2:ap-southeast-1:519253773133:network-interface/eni-0537c3519ecfb298d",
            "attachment": [],
            "description": "",
            "id": "eni-0537c3519ecfb298d",
            "interface_type": "interface",
            "ipv4_prefix_count": 0,
            "ipv4_prefixes": [],
            "ipv6_address_count": 0,
            "ipv6_address_list": [],
            "ipv6_address_list_enabled": false,
            "ipv6_addresses": [],
            "ipv6_prefix_count": 0,
            "ipv6_prefixes": [],
            "mac_address": "0a:f1:2f:6b:06:b0",
            "outpost_arn": "",
            "owner_id": "519253773133",
            "private_dns_name": "ip-172-31-10-255.ap-southeast-1.compute.internal",
            "private_ip": "172.31.10.255",
            "private_ip_list": [
              "172.31.10.255"
            ],
            "private_ip_list_enabled": false,
            "private_ips": [
              "172.31.10.255"
            ],
            "private_ips_count": 0,
            "security_groups": [
              "sg-008e74936b3f9de19"
            ],
            "source_dest_check": true,
            "subnet_id": "subnet-009077567350ef1b7",
            "tags": null,
            "tags_all": {}
          },
          "sensitive_attributes": [],
          "private": "bnVsbA==",
          "dependencies": [
            "module.zk.aws_instance.zk",
            "module.zk.aws_network_interface.zk",
            "module.zk.aws_route53_record.zk",
            "module.zk.data.aws_ami.base",
            "module.zk.data.aws_availability_zones.available",
            "module.zk.data.aws_route53_zone.zone"
          ]
        }
      ]
    },
    {
      "module": "module.shardingsphere",
      "mode": "managed",
      "type": "aws_route53_record",
      "name": "ss",
      "provider": "provider[\"registry.terraform.io/hashicorp/aws\"]",
      "instances": [
        {
          "schema_version": 2,
          "attributes": {
            "alias": [
              {
                "evaluate_target_health": true,
                "name": "ss-internal-lb-49b414258dab795f.elb.ap-southeast-1.amazonaws.com",
                "zone_id": "ZKVM4W9LS7TM"
              }
            ],
            "allow_overwrite": null,
            "failover_routing_policy": [],
            "fqdn": "proxy.shardingsphere.org",
            "geolocation_routing_policy": [],
            "health_check_id": null,
            "id": "Z07043461249YRLI6CRZ8_proxy_A",
            "latency_routing_policy": [],
            "multivalue_answer_routing_policy": null,
            "name": "proxy",
            "records": null,
            "set_identifier": null,
            "ttl": null,
            "type": "A",
            "weighted_routing_policy": [],
            "zone_id": "Z07043461249YRLI6CRZ8"
          },
          "sensitive_attributes": [],
          "private": "eyJzY2hlbWFfdmVyc2lvbiI6IjIifQ==",
          "dependencies": [
            "module.shardingsphere.aws_lb.ss",
            "module.shardingsphere.data.aws_route53_zone.zone",
            "module.zk.aws_instance.zk",
            "module.zk.aws_network_interface.zk",
            "module.zk.aws_route53_record.zk",
            "module.zk.data.aws_ami.base",
            "module.zk.data.aws_availability_zones.available",
            "module.zk.data.aws_route53_zone.zone"
          ]
        }
      ]
    },
    {
      "module": "module.zk",
      "mode": "data",
      "type": "aws_ami",
      "name": "base",
      "provider": "provider[\"registry.terraform.io/hashicorp/aws\"]",
      "instances": [
        {
          "schema_version": 0,
          "attributes": {
            "architecture": "x86_64",
            "arn": "arn:aws:ec2:ap-southeast-1::image/ami-0786899d6dd5a6f33",
            "block_device_mappings": [
              {
                "device_name": "/dev/xvda",
                "ebs": {
                  "delete_on_termination": "true",
                  "encrypted": "false",
                  "iops": "0",
                  "snapshot_id": "snap-0043f7b5da00a2811",
                  "throughput": "0",
                  "volume_size": "8",
                  "volume_type": "standard"
                },
                "no_device": "",
                "virtual_name": ""
              }
            ],
            "boot_mode": "",
            "creation_date": "2022-11-14T22:59:01.000Z",
            "deprecation_time": "2024-11-14T22:59:00.000Z",
            "description": "Amazon Linux 2 AMI 2.0.20221103.3 x86_64 HVM ebs",
            "ena_support": true,
            "executable_users": null,
            "filter": [
              {
                "name": "name",
                "values": [
                  "amzn2-ami-hvm-*-x86_64-ebs"
                ]
              }
            ],
            "hypervisor": "xen",
            "id": "ami-0786899d6dd5a6f33",
            "image_id": "ami-0786899d6dd5a6f33",
            "image_location": "amazon/amzn2-ami-hvm-2.0.20221103.3-x86_64-ebs",
            "image_owner_alias": "amazon",
            "image_type": "machine",
            "imds_support": "",
            "include_deprecated": false,
            "kernel_id": "",
            "most_recent": true,
            "name": "amzn2-ami-hvm-2.0.20221103.3-x86_64-ebs",
            "name_regex": null,
            "owner_id": "137112412989",
            "owners": [
              "amazon"
            ],
            "platform": "",
            "platform_details": "Linux/UNIX",
            "product_codes": [],
            "public": true,
            "ramdisk_id": "",
            "root_device_name": "/dev/xvda",
            "root_device_type": "ebs",
            "root_snapshot_id": "snap-0043f7b5da00a2811",
            "sriov_net_support": "simple",
            "state": "available",
            "state_reason": {
              "code": "UNSET",
              "message": "UNSET"
            },
            "tags": {},
            "timeouts": null,
            "tpm_support": "",
            "usage_operation": "RunInstances",
            "virtualization_type": "hvm"
          },
          "sensitive_attributes": []
        }
      ]
    },
    {
      "module": "module.zk",
      "mode": "data",
      "type": "aws_availability_zones",
      "name": "available",
      "provider": "provider[\"registry.terraform.io/hashicorp/aws\"]",
      "instances": [
        {
          "schema_version": 0,
          "attributes": {
            "all_availability_zones": null,
            "exclude_names": null,
            "exclude_zone_ids": null,
            "filter": null,
            "group_names": [
              "ap-southeast-1"
            ],
            "id": "ap-southeast-1",
            "names": [
              "ap-southeast-1a",
              "ap-southeast-1b",
              "ap-southeast-1c"
            ],
            "state": "available",
            "timeouts": null,
            "zone_ids": [
              "apse1-az2",
              "apse1-az1",
              "apse1-az3"
            ]
          },
          "sensitive_attributes": []
        }
      ]
    },
    {
      "module": "module.zk",
      "mode": "data",
      "type": "aws_route53_zone",
      "name": "zone",
      "provider": "provider[\"registry.terraform.io/hashicorp/aws\"]",
      "instances": [
        {
          "schema_version": 0,
          "attributes": {
            "arn": "arn:aws:route53:::hostedzone/Z07043461249YRLI6CRZ8",
            "caller_reference": "857481bb-ac42-4157-9a3c-f06c5ceb53d7",
            "comment": "",
            "id": "Z07043461249YRLI6CRZ8",
            "linked_service_description": null,
            "linked_service_principal": null,
            "name": "shardingsphere.org",
            "name_servers": [
              "ns-0.awsdns-00.com.",
              "ns-1024.awsdns-00.org.",
              "ns-1536.awsdns-00.co.uk.",
              "ns-512.awsdns-00.net."
            ],
            "primary_name_server": "ns-0.awsdns-00.com.",
            "private_zone": true,
            "resource_record_set_count": 2,
            "tags": {},
            "vpc_id": null,
            "zone_id": "Z07043461249YRLI6CRZ8"
          },
          "sensitive_attributes": []
        }
      ]
    },
    {
      "module": "module.zk",
      "mode": "managed",
      "type": "aws_instance",
      "name": "zk",
      "provider": "provider[\"registry.terraform.io/hashicorp/aws\"]",
      "instances": [
        {
          "index_key": 0,
          "schema_version": 1,
          "attributes": {
            "ami": "ami-0786899d6dd5a6f33",
            "arn": "arn:aws:ec2:ap-southeast-1:519253773133:instance/i-02dc7de8d7196224e",
            "associate_public_ip_address": true,
            "availability_zone": "ap-southeast-1a",
            "capacity_reservation_specification": [
              {
                "capacity_reservation_preference": "open",
                "capacity_reservation_target": []
              }
            ],
            "cpu_core_count": 1,
            "cpu_threads_per_core": 1,
            "credit_specification": [
              {
                "cpu_credits": "standard"
              }
            ],
            "disable_api_stop": false,
            "disable_api_termination": false,
            "ebs_block_device": [],
            "ebs_optimized": false,
            "enclave_options": [
              {
                "enabled": false
              }
            ],
            "ephemeral_block_device": [],
            "get_password_data": false,
            "hibernation": false,
            "host_id": null,
            "host_resource_group_arn": null,
            "iam_instance_profile": "",
            "id": "i-02dc7de8d7196224e",
            "instance_initiated_shutdown_behavior": "stop",
            "instance_state": "running",
            "instance_type": "t2.nano",
            "ipv6_address_count": 0,
            "ipv6_addresses": [],
            "key_name": "test-tf",
            "launch_template": [],
            "maintenance_options": [
              {
                "auto_recovery": "default"
              }
            ],
            "metadata_options": [
              {
                "http_endpoint": "enabled",
                "http_put_response_hop_limit": 1,
                "http_tokens": "optional",
                "instance_metadata_tags": "disabled"
              }
            ],
            "monitoring": false,
            "network_interface": [
              {
                "delete_on_termination": false,
                "device_index": 0,
                "network_card_index": 0,
                "network_interface_id": "eni-0534120e5c05a26f5"
              }
            ],
            "outpost_arn": "",
            "password_data": "",
            "placement_group": "",
            "placement_partition_number": null,
            "primary_network_interface_id": "eni-0534120e5c05a26f5",
            "private_dns": "ip-172-31-38-30.ap-southeast-1.compute.internal",
            "private_dns_name_options": [
              {
                "enable_resource_name_dns_a_record": false,
                "enable_resource_name_dns_aaaa_record": false,
                "hostname_type": "ip-name"
              }
            ],
            "private_ip": "172.31.38.30",
            "public_dns": "ec2-52-77-228-108.ap-southeast-1.compute.amazonaws.com",
            "public_ip": "52.77.228.108",
            "root_block_device": [
              {
                "delete_on_termination": true,
                "device_name": "/dev/xvda",
                "encrypted": false,
                "iops": 0,
                "kms_key_id": "",
                "tags": {},
                "throughput": 0,
                "volume_id": "vol-08484ce51557f8dd0",
                "volume_size": 8,
                "volume_type": "standard"
              }
            ],
            "secondary_private_ips": [],
            "security_groups": [
              "default"
            ],
            "source_dest_check": true,
            "subnet_id": "subnet-0f388a6f23063b8c9",
            "tags": {
              "Name": "zk-0"
            },
            "tags_all": {
              "Name": "zk-0"
            },
            "tenancy": "default",
            "timeouts": null,
            "user_data": "cd8cfa96327374282c573f77d3e8473afa18ba30",
            "user_data_base64": null,
            "user_data_replace_on_change": false,
            "volume_tags": null,
            "vpc_security_group_ids": [
              "sg-008e74936b3f9de19"
            ]
          },
          "sensitive_attributes": [],
          "private": "eyJlMmJmYjczMC1lY2FhLTExZTYtOGY4OC0zNDM2M2JjN2M0YzAiOnsiY3JlYXRlIjo2MDAwMDAwMDAwMDAsImRlbGV0ZSI6MTIwMDAwMDAwMDAwMCwidXBkYXRlIjo2MDAwMDAwMDAwMDB9LCJzY2hlbWFfdmVyc2lvbiI6IjEifQ==",
          "dependencies": [
            "module.zk.aws_network_interface.zk",
            "module.zk.data.aws_ami.base"
          ]
        },
        {
          "index_key": 1,
          "schema_version": 1,
          "attributes": {
            "ami": "ami-0786899d6dd5a6f33",
            "arn": "arn:aws:ec2:ap-southeast-1:519253773133:instance/i-09cd2f1e1667d1301",
            "associate_public_ip_address": true,
            "availability_zone": "ap-southeast-1b",
            "capacity_reservation_specification": [
              {
                "capacity_reservation_preference": "open",
                "capacity_reservation_target": []
              }
            ],
            "cpu_core_count": 1,
            "cpu_threads_per_core": 1,
            "credit_specification": [
              {
                "cpu_credits": "standard"
              }
            ],
            "disable_api_stop": false,
            "disable_api_termination": false,
            "ebs_block_device": [],
            "ebs_optimized": false,
            "enclave_options": [
              {
                "enabled": false
              }
            ],
            "ephemeral_block_device": [],
            "get_password_data": false,
            "hibernation": false,
            "host_id": null,
            "host_resource_group_arn": null,
            "iam_instance_profile": "",
            "id": "i-09cd2f1e1667d1301",
            "instance_initiated_shutdown_behavior": "stop",
            "instance_state": "running",
            "instance_type": "t2.nano",
            "ipv6_address_count": 0,
            "ipv6_addresses": [],
            "key_name": "test-tf",
            "launch_template": [],
            "maintenance_options": [
              {
                "auto_recovery": "default"
              }
            ],
            "metadata_options": [
              {
                "http_endpoint": "enabled",
                "http_put_response_hop_limit": 1,
                "http_tokens": "optional",
                "instance_metadata_tags": "disabled"
              }
            ],
            "monitoring": false,
            "network_interface": [
              {
                "delete_on_termination": false,
                "device_index": 0,
                "network_card_index": 0,
                "network_interface_id": "eni-0e61bfc54594fd735"
              }
            ],
            "outpost_arn": "",
            "password_data": "",
            "placement_group": "",
            "placement_partition_number": null,
            "primary_network_interface_id": "eni-0e61bfc54594fd735",
            "private_dns": "ip-172-31-16-181.ap-southeast-1.compute.internal",
            "private_dns_name_options": [
              {
                "enable_resource_name_dns_a_record": false,
                "enable_resource_name_dns_aaaa_record": false,
                "hostname_type": "ip-name"
              }
            ],
            "private_ip": "172.31.16.181",
            "public_dns": "ec2-13-215-228-50.ap-southeast-1.compute.amazonaws.com",
            "public_ip": "13.215.228.50",
            "root_block_device": [
              {
                "delete_on_termination": true,
                "device_name": "/dev/xvda",
                "encrypted": false,
                "iops": 0,
                "kms_key_id": "",
                "tags": {},
                "throughput": 0,
                "volume_id": "vol-02bd7a0d452b16c45",
                "volume_size": 8,
                "volume_type": "standard"
              }
            ],
            "secondary_private_ips": [],
            "security_groups": [
              "default"
            ],
            "source_dest_check": true,
            "subnet_id": "subnet-0bc2cd85facb5ca06",
            "tags": {
              "Name": "zk-1"
            },
            "tags_all": {
              "Name": "zk-1"
            },
            "tenancy": "default",
            "timeouts": null,
            "user_data": "01e89f2553b3b8c1acdcd3220cf11f45b942bbc0",
            "user_data_base64": null,
            "user_data_replace_on_change": false,
            "volume_tags": null,
            "vpc_security_group_ids": [
              "sg-008e74936b3f9de19"
            ]
          },
          "sensitive_attributes": [],
          "private": "eyJlMmJmYjczMC1lY2FhLTExZTYtOGY4OC0zNDM2M2JjN2M0YzAiOnsiY3JlYXRlIjo2MDAwMDAwMDAwMDAsImRlbGV0ZSI6MTIwMDAwMDAwMDAwMCwidXBkYXRlIjo2MDAwMDAwMDAwMDB9LCJzY2hlbWFfdmVyc2lvbiI6IjEifQ==",
          "dependencies": [
            "module.zk.aws_network_interface.zk",
            "module.zk.data.aws_ami.base"
          ]
        },
        {
          "index_key": 2,
          "schema_version": 1,
          "attributes": {
            "ami": "ami-0786899d6dd5a6f33",
            "arn": "arn:aws:ec2:ap-southeast-1:519253773133:instance/i-035fa8e0d168cbff8",
            "associate_public_ip_address": true,
            "availability_zone": "ap-southeast-1c",
            "capacity_reservation_specification": [
              {
                "capacity_reservation_preference": "open",
                "capacity_reservation_target": []
              }
            ],
            "cpu_core_count": 1,
            "cpu_threads_per_core": 1,
            "credit_specification": [
              {
                "cpu_credits": "standard"
              }
            ],
            "disable_api_stop": false,
            "disable_api_termination": false,
            "ebs_block_device": [],
            "ebs_optimized": false,
            "enclave_options": [
              {
                "enabled": false
              }
            ],
            "ephemeral_block_device": [],
            "get_password_data": false,
            "hibernation": false,
            "host_id": null,
            "host_resource_group_arn": null,
            "iam_instance_profile": "",
            "id": "i-035fa8e0d168cbff8",
            "instance_initiated_shutdown_behavior": "stop",
            "instance_state": "running",
            "instance_type": "t2.nano",
            "ipv6_address_count": 0,
            "ipv6_addresses": [],
            "key_name": "test-tf",
            "launch_template": [],
            "maintenance_options": [
              {
                "auto_recovery": "default"
              }
            ],
            "metadata_options": [
              {
                "http_endpoint": "enabled",
                "http_put_response_hop_limit": 1,
                "http_tokens": "optional",
                "instance_metadata_tags": "disabled"
              }
            ],
            "monitoring": false,
            "network_interface": [
              {
                "delete_on_termination": false,
                "device_index": 0,
                "network_card_index": 0,
                "network_interface_id": "eni-0476d26a4cffc3a06"
              }
            ],
            "outpost_arn": "",
            "password_data": "",
            "placement_group": "",
            "placement_partition_number": null,
            "primary_network_interface_id": "eni-0476d26a4cffc3a06",
            "private_dns": "ip-172-31-4-35.ap-southeast-1.compute.internal",
            "private_dns_name_options": [
              {
                "enable_resource_name_dns_a_record": false,
                "enable_resource_name_dns_aaaa_record": false,
                "hostname_type": "ip-name"
              }
            ],
            "private_ip": "172.31.4.35",
            "public_dns": "ec2-18-143-200-214.ap-southeast-1.compute.amazonaws.com",
            "public_ip": "18.143.200.214",
            "root_block_device": [
              {
                "delete_on_termination": true,
                "device_name": "/dev/xvda",
                "encrypted": false,
                "iops": 0,
                "kms_key_id": "",
                "tags": {},
                "throughput": 0,
                "volume_id": "vol-0392e72f1472973aa",
                "volume_size": 8,
                "volume_type": "standard"
              }
            ],
            "secondary_private_ips": [],
            "security_groups": [
              "default"
            ],
            "source_dest_check": true,
            "subnet_id": "subnet-009077567350ef1b7",
            "tags": {
              "Name": "zk-2"
            },
            "tags_all": {
              "Name": "zk-2"
            },
            "tenancy": "default",
            "timeouts": null,
            "user_data": "4b2ced5c1a5cb22290716995fdf1b907b846c30b",
            "user_data_base64": null,
            "user_data_replace_on_change": false,
            "volume_tags": null,
            "vpc_security_group_ids": [
              "sg-008e74936b3f9de19"
            ]
          },
          "sensitive_attributes": [],
          "private": "eyJlMmJmYjczMC1lY2FhLTExZTYtOGY4OC0zNDM2M2JjN2M0YzAiOnsiY3JlYXRlIjo2MDAwMDAwMDAwMDAsImRlbGV0ZSI6MTIwMDAwMDAwMDAwMCwidXBkYXRlIjo2MDAwMDAwMDAwMDB9LCJzY2hlbWFfdmVyc2lvbiI6IjEifQ==",
          "dependencies": [
            "module.zk.aws_network_interface.zk",
            "module.zk.data.aws_ami.base"
          ]
        }
      ]
    },
    {
      "module": "module.zk",
      "mode": "managed",
      "type": "aws_network_interface",
      "name": "zk",
      "provider": "provider[\"registry.terraform.io/hashicorp/aws\"]",
      "instances": [
        {
          "index_key": 0,
          "schema_version": 0,
          "attributes": {
            "arn": "arn:aws:ec2:ap-southeast-1:519253773133:network-interface/eni-0534120e5c05a26f5",
            "attachment": [],
            "description": "",
            "id": "eni-0534120e5c05a26f5",
            "interface_type": "interface",
            "ipv4_prefix_count": 0,
            "ipv4_prefixes": [],
            "ipv6_address_count": 0,
            "ipv6_address_list": [],
            "ipv6_address_list_enabled": false,
            "ipv6_addresses": [],
            "ipv6_prefix_count": 0,
            "ipv6_prefixes": [],
            "mac_address": "06:55:25:a0:d8:58",
            "outpost_arn": "",
            "owner_id": "519253773133",
            "private_dns_name": "ip-172-31-38-30.ap-southeast-1.compute.internal",
            "private_ip": "172.31.38.30",
            "private_ip_list": [
              "172.31.38.30"
            ],
            "private_ip_list_enabled": false,
            "private_ips": [
              "172.31.38.30"
            ],
            "private_ips_count": 0,
            "security_groups": [
              "sg-008e74936b3f9de19"
            ],
            "source_dest_check": true,
            "subnet_id": "subnet-0f388a6f23063b8c9",
            "tags": null,
            "tags_all": {}
          },
          "sensitive_attributes": [],
          "private": "bnVsbA=="
        },
        {
          "index_key": 1,
          "schema_version": 0,
          "attributes": {
            "arn": "arn:aws:ec2:ap-southeast-1:519253773133:network-interface/eni-0e61bfc54594fd735",
            "attachment": [],
            "description": "",
            "id": "eni-0e61bfc54594fd735",
            "interface_type": "interface",
            "ipv4_prefix_count": 0,
            "ipv4_prefixes": [],
            "ipv6_address_count": 0,
            "ipv6_address_list": [],
            "ipv6_address_list_enabled": false,
            "ipv6_addresses": [],
            "ipv6_prefix_count": 0,
            "ipv6_prefixes": [],
            "mac_address": "02:8f:18:3c:47:c0",
            "outpost_arn": "",
            "owner_id": "519253773133",
            "private_dns_name": "ip-172-31-16-181.ap-southeast-1.compute.internal",
            "private_ip": "172.31.16.181",
            "private_ip_list": [
              "172.31.16.181"
            ],
            "private_ip_list_enabled": false,
            "private_ips": [
              "172.31.16.181"
            ],
            "private_ips_count": 0,
            "security_groups": [
              "sg-008e74936b3f9de19"
            ],
            "source_dest_check": true,
            "subnet_id": "subnet-0bc2cd85facb5ca06",
            "tags": null,
            "tags_all": {}
          },
          "sensitive_attributes": [],
          "private": "bnVsbA=="
        },
        {
          "index_key": 2,
          "schema_version": 0,
          "attributes": {
            "arn": "arn:aws:ec2:ap-southeast-1:519253773133:network-interface/eni-0476d26a4cffc3a06",
            "attachment": [],
            "description": "",
            "id": "eni-0476d26a4cffc3a06",
            "interface_type": "interface",
            "ipv4_prefix_count": 0,
            "ipv4_prefixes": [],
            "ipv6_address_count": 0,
            "ipv6_address_list": [],
            "ipv6_address_list_enabled": false,
            "ipv6_addresses": [],
            "ipv6_prefix_count": 0,
            "ipv6_prefixes": [],
            "mac_address": "0a:3f:d6:ce:a0:e2",
            "outpost_arn": "",
            "owner_id": "519253773133",
            "private_dns_name": "ip-172-31-4-35.ap-southeast-1.compute.internal",
            "private_ip": "172.31.4.35",
            "private_ip_list": [
              "172.31.4.35"
            ],
            "private_ip_list_enabled": false,
            "private_ips": [
              "172.31.4.35"
            ],
            "private_ips_count": 0,
            "security_groups": [
              "sg-008e74936b3f9de19"
            ],
            "source_dest_check": true,
            "subnet_id": "subnet-009077567350ef1b7",
            "tags": null,
            "tags_all": {}
          },
          "sensitive_attributes": [],
          "private": "bnVsbA=="
        }
      ]
    },
    {
      "module": "module.zk",
      "mode": "managed",
      "type": "aws_route53_record",
      "name": "zk",
      "provider": "provider[\"registry.terraform.io/hashicorp/aws\"]",
      "instances": [
        {
          "index_key": 0,
          "schema_version": 2,
          "attributes": {
            "alias": [],
            "allow_overwrite": null,
            "failover_routing_policy": [],
            "fqdn": "zk-1.shardingsphere.org",
            "geolocation_routing_policy": [],
            "health_check_id": null,
            "id": "Z07043461249YRLI6CRZ8_zk-1_A",
            "latency_routing_policy": [],
            "multivalue_answer_routing_policy": null,
            "name": "zk-1",
            "records": [
              "172.31.38.30"
            ],
            "set_identifier": null,
            "ttl": 60,
            "type": "A",
            "weighted_routing_policy": [],
            "zone_id": "Z07043461249YRLI6CRZ8"
          },
          "sensitive_attributes": [],
          "private": "eyJzY2hlbWFfdmVyc2lvbiI6IjIifQ==",
          "dependencies": [
            "module.zk.aws_network_interface.zk",
            "module.zk.data.aws_route53_zone.zone"
          ]
        },
        {
          "index_key": 1,
          "schema_version": 2,
          "attributes": {
            "alias": [],
            "allow_overwrite": null,
            "failover_routing_policy": [],
            "fqdn": "zk-2.shardingsphere.org",
            "geolocation_routing_policy": [],
            "health_check_id": null,
            "id": "Z07043461249YRLI6CRZ8_zk-2_A",
            "latency_routing_policy": [],
            "multivalue_answer_routing_policy": null,
            "name": "zk-2",
            "records": [
              "172.31.16.181"
            ],
            "set_identifier": null,
            "ttl": 60,
            "type": "A",
            "weighted_routing_policy": [],
            "zone_id": "Z07043461249YRLI6CRZ8"
          },
          "sensitive_attributes": [],
          "private": "eyJzY2hlbWFfdmVyc2lvbiI6IjIifQ==",
          "dependencies": [
            "module.zk.aws_network_interface.zk",
            "module.zk.data.aws_route53_zone.zone"
          ]
        },
        {
          "index_key": 2,
          "schema_version": 2,
          "attributes": {
            "alias": [],
            "allow_overwrite": null,
            "failover_routing_policy": [],
            "fqdn": "zk-3.shardingsphere.org",
            "geolocation_routing_policy": [],
            "health_check_id": null,
            "id": "Z07043461249YRLI6CRZ8_zk-3_A",
            "latency_routing_policy": [],
            "multivalue_answer_routing_policy": null,
            "name": "zk-3",
            "records": [
              "172.31.4.35"
            ],
            "set_identifier": null,
            "ttl": 60,
            "type": "A",
            "weighted_routing_policy": [],
            "zone_id": "Z07043461249YRLI6CRZ8"
          },
          "sensitive_attributes": [],
          "private": "eyJzY2hlbWFfdmVyc2lvbiI6IjIifQ==",
          "dependencies": [
            "module.zk.aws_network_interface.zk",
            "module.zk.data.aws_route53_zone.zone"
          ]
        }
      ]
    }
  ],
  "check_results": []
}
